{
  "name": "vite-project",
  "version": "0.0.0",
  "lockfileVersion": 3,
  "requires": true,
  "packages": {
    "": {
      "name": "vite-project",
      "version": "0.0.0",
      "dependencies": {
        "markdown-it": "^14.1.0",
        "vue": "^3.5.24"
      },
      "devDependencies": {
        "@vitejs/plugin-vue": "^6.0.1",
        "vite": "^7.2.4"
      }
    },
    "node_modules/@babel/helper-string-parser": {
      "version": "7.27.1",
      "resolved": "https://registry.npm.wps.cn/@babel/helper-string-parser/download/@babel/helper-string-parser-7.27.1.tgz",
      "integrity": "sha1-VNp5YJerGc5n7Z+ItHuy7Ek2doc=",
      "license": "MIT",
      "engines": {
        "node": ">=6.9.0"
      }
    },
    "node_modules/@babel/helper-validator-identifier": {
      "version": "7.28.5",
      "resolved": "https://registry.npm.wps.cn/@babel/helper-validator-identifier/download/@babel/helper-validator-identifier-7.28.5.tgz",
      "integrity": "sha1-AQtpOPq3y333SqK7wGqlA7j+X7Q=",
      "license": "MIT",
      "engines": {
        "node": ">=6.9.0"
      }
    },
    "node_modules/@babel/parser": {
      "version": "7.29.2",
      "resolved": "https://registry.npm.wps.cn/@babel/parser/download/@babel/parser-7.29.2.tgz",
      "integrity": "sha1-WL1QuaeVHRNJiKGuF3o175pwO6E=",
      "license": "MIT",
      "dependencies": {
        "@babel/types": "^7.29.0"
      },
      "bin": {
        "parser": "bin/babel-parser.js"
      },
      "engines": {
        "node": ">=6.0.0"
      }
    },
    "node_modules/@babel/types": {
      "version": "7.29.0",
      "resolved": "https://registry.npm.wps.cn/@babel/types/download/@babel/types-7.29.0.tgz",
      "integrity": "sha1-n1seg4xEbnLPPNS5GBUrjGBeN8c=",
      "license": "MIT",
      "dependencies": {
        "@babel/helper-string-parser": "^7.27.1",
        "@babel/helper-validator-identifier": "^7.28.5"
      },
      "engines": {
        "node": ">=6.9.0"
      }
    },
    "node_modules/@esbuild/win32-x64": {
      "version": "0.27.7",
      "resolved": "https://registry.npm.wps.cn/@esbuild/win32-x64/download/@esbuild/win32-x64-0.27.7.tgz",
      "integrity": "sha1-j+MLMIi4m0hzw6bMh1l645IMCos=",
      "cpu": [
        "x64"
      ],
      "dev": true,
      "license": "MIT",
      "optional": true,
      "os": [
        "win32"
      ],
      "engines": {
        "node": ">=18"
      }
    },
    "node_modules/@jridgewell/sourcemap-codec": {
      "version": "1.5.5",
      "resolved": "https://registry.npm.wps.cn/@jridgewell/sourcemap-codec/download/@jridgewell/sourcemap-codec-1.5.5.tgz",
      "integrity": "sha1-aRKwDSxjHA0Vzhp6tXzWV/Ko+Lo=",
      "license": "MIT"
    },
    "node_modules/@rolldown/pluginutils": {
      "version": "1.0.0-rc.13",
      "resolved": "https://registry.npm.wps.cn/@rolldown/pluginutils/download/@rolldown/pluginutils-1.0.0-rc.13.tgz",
      "integrity": "sha1-CToBrwzeE1UvBYVE/K3xLptSLDs=",
      "dev": true,
      "license": "MIT"
    },
    "node_modules/@rollup/rollup-darwin-arm64": {
      "version": "4.60.2",
      "resolved": "https://registry.npm.wps.cn/@rollup/rollup-darwin-arm64/download/@rollup/rollup-darwin-arm64-4.60.2.tgz",
      "integrity": "sha1-O4Rj4Duio5NFP+pw59kHN5wntkk=",
      "cpu": [
        "arm64"
      ],
      "dev": true,
      "license": "MIT",
      "optional": true,
      "os": [
        "darwin"
      ]
    },
    "node_modules/@rollup/rollup-linux-x64-gnu": {
      "version": "4.60.2",
      "resolved": "https://registry.npm.wps.cn/@rollup/rollup-linux-x64-gnu/download/@rollup/rollup-linux-x64-gnu-4.60.2.tgz",
      "integrity": "sha1-aqgwL6Rf08u8UQzNIjycN79n5T8=",
      "cpu": [
        "x64"
      ],
      "dev": true,
      "license": "MIT",
      "optional": true,
      "os": [
        "linux"
      ]
    },
    "node_modules/@rollup/rollup-win32-x64-msvc": {
      "version": "4.60.2",
      "resolved": "https://registry.npm.wps.cn/@rollup/rollup-win32-x64-msvc/download/@rollup/rollup-win32-x64-msvc-4.60.2.tgz",
      "integrity": "sha1-NBjc8TiPKr1rDMwI/h7yBa521pY=",
      "cpu": [
        "x64"
      ],
      "dev": true,
      "license": "MIT",
      "optional": true,
      "os": [
        "win32"
      ]
    },
    "node_modules/@types/estree": {
      "version": "1.0.8",
      "resolved": "https://registry.npm.wps.cn/@types/estree/download/@types/estree-1.0.8.tgz",
      "integrity": "sha1-lYuRyZGxhnztMYvt6g4hXuBQcm4=",
      "dev": true,
      "license": "MIT"
    },
    "node_modules/@vitejs/plugin-vue": {
      "version": "6.0.6",
      "resolved": "https://registry.npm.wps.cn/@vitejs/plugin-vue/download/@vitejs/plugin-vue-6.0.6.tgz",
      "integrity": "sha1-TYo6eUE4LPJ2CsVZM2S+poVq57I=",
      "dev": true,
      "license": "MIT",
      "dependencies": {
        "@rolldown/pluginutils": "1.0.0-rc.13"
      },
      "engines": {
        "node": "^20.19.0 || >=22.12.0"
      },
      "peerDependencies": {
        "vite": "^5.0.0 || ^6.0.0 || ^7.0.0 || ^8.0.0",
        "vue": "^3.2.25"
      }
    },
    "node_modules/@vue/compiler-core": {
      "version": "3.5.33",
      "resolved": "https://registry.npm.wps.cn/@vue/compiler-core/download/@vue/compiler-core-3.5.33.tgz",
      "integrity": "sha1-adpf2+rbhtWoURz0uA5hFsIeAPY=",
      "license": "MIT",
      "dependencies": {
        "@babel/parser": "^7.29.2",
        "@vue/shared": "3.5.33",
        "entities": "^7.0.1",
        "estree-walker": "^2.0.2",
        "source-map-js": "^1.2.1"
      }
    },
    "node_modules/@vue/compiler-dom": {
      "version": "3.5.33",
      "resolved": "https://registry.npm.wps.cn/@vue/compiler-dom/download/@vue/compiler-dom-3.5.33.tgz",
      "integrity": "sha1-IOwfO02cRVzJCVfhN2fNPuFsl5A=",
      "license": "MIT",
      "dependencies": {
        "@vue/compiler-core": "3.5.33",
        "@vue/shared": "3.5.33"
      }
    },
    "node_modules/@vue/compiler-sfc": {
      "version": "3.5.33",
      "resolved": "https://registry.npm.wps.cn/@vue/compiler-sfc/download/@vue/compiler-sfc-3.5.33.tgz",
      "integrity": "sha1-ZHsDN9vvbj2gQldvVmP/Mn9jX3g=",
      "license": "MIT",
      "dependencies": {
        "@babel/parser": "^7.29.2",
        "@vue/compiler-core": "3.5.33",
        "@vue/compiler-dom": "3.5.33",
        "@vue/compiler-ssr": "3.5.33",
        "@vue/shared": "3.5.33",
        "estree-walker": "^2.0.2",
        "magic-string": "^0.30.21",
        "postcss": "^8.5.10",
        "source-map-js": "^1.2.1"
      }
    },
    "node_modules/@vue/compiler-ssr": {
      "version": "3.5.33",
      "resolved": "https://registry.npm.wps.cn/@vue/compiler-ssr/download/@vue/compiler-ssr-3.5.33.tgz",
      "integrity": "sha1-xOmOlCezdYU1H1TLEF1My0d+Vy8=",
      "license": "MIT",
      "dependencies": {
        "@vue/compiler-dom": "3.5.33",
        "@vue/shared": "3.5.33"
      }
    },
    "node_modules/@vue/reactivity": {
      "version": "3.5.33",
      "resolved": "https://registry.npm.wps.cn/@vue/reactivity/download/@vue/reactivity-3.5.33.tgz",
      "integrity": "sha1-0wW/71PYglon88a7nfJ43Y/iS1I=",
      "license": "MIT",
      "dependencies": {
        "@vue/shared": "3.5.33"
      }
    },
    "node_modules/@vue/runtime-core": {
      "version": "3.5.33",
      "resolved": "https://registry.npm.wps.cn/@vue/runtime-core/download/@vue/runtime-core-3.5.33.tgz",
      "integrity": "sha1-G/3FgL7KDMeYx02kCYWhtA5wtwg=",
      "license": "MIT",
      "dependencies": {
        "@vue/reactivity": "3.5.33",
        "@vue/shared": "3.5.33"
      }
    },
    "node_modules/@vue/runtime-dom": {
      "version": "3.5.33",
      "resolved": "https://registry.npm.wps.cn/@vue/runtime-dom/download/@vue/runtime-dom-3.5.33.tgz",
      "integrity": "sha1-f7P60o2E+cT4sdeWN1xrW3HDjEM=",
      "license": "MIT",
      "dependencies": {
        "@vue/reactivity": "3.5.33",
        "@vue/runtime-core": "3.5.33",
        "@vue/shared": "3.5.33",
        "csstype": "^3.2.3"
      }
    },
    "node_modules/@vue/server-renderer": {
      "version": "3.5.33",
      "resolved": "https://registry.npm.wps.cn/@vue/server-renderer/download/@vue/server-renderer-3.5.33.tgz",
      "integrity": "sha1-jtuJaeUlCChQQij5Mli4VIHglII=",
      "license": "MIT",
      "dependencies": {
        "@vue/compiler-ssr": "3.5.33",
        "@vue/shared": "3.5.33"
      },
      "peerDependencies": {
        "vue": "3.5.33"
      }
    },
    "node_modules/@vue/shared": {
      "version": "3.5.33",
      "resolved": "https://registry.npm.wps.cn/@vue/shared/download/@vue/shared-3.5.33.tgz",
      "integrity": "sha1-tBBwA56R0pIe20w4y8yA9JiiTzo=",
      "license": "MIT"
    },
    "node_modules/argparse": {
      "version": "2.0.1",
      "resolved": "https://registry.npm.wps.cn/argparse/download/argparse-2.0.1.tgz",
      "integrity": "sha1-JG9Q88p4oyQPbJl+ipvR6sSeSzg=",
      "license": "Python-2.0"
    },
    "node_modules/csstype": {
      "version": "3.2.3",
      "resolved": "https://registry.npm.wps.cn/csstype/download/csstype-3.2.3.tgz",
      "integrity": "sha1-7EjA8+mT5QZIyG2lWeJhCZXPmJo=",
      "license": "MIT"
    },
    "node_modules/entities": {
      "version": "7.0.1",
      "resolved": "https://registry.npm.wps.cn/entities/download/entities-7.0.1.tgz",
      "integrity": "sha1-JuioiInbY0F9y5oeeaPxvJK1l2s=",
      "license": "BSD-2-Clause",
      "engines": {
        "node": ">=0.12"
      },
      "funding": {
        "url": "https://github.com/fb55/entities?sponsor=1"
      }
    },
    "node_modules/esbuild": {
      "version": "0.27.7",
      "resolved": "https://registry.npm.wps.cn/esbuild/download/esbuild-0.27.7.tgz",
      "integrity": "sha1-vK3OIrLz/XbyV+OmT4OmSYb+oR8=",
      "dev": true,
      "hasInstallScript": true,
      "license": "MIT",
      "bin": {
        "esbuild": "bin/esbuild"
      },
      "engines": {
        "node": ">=18"
      },
      "optionalDependencies": {
        "@esbuild/aix-ppc64": "0.27.7",
        "@esbuild/android-arm": "0.27.7",
        "@esbuild/android-arm64": "0.27.7",
        "@esbuild/android-x64": "0.27.7",
        "@esbuild/darwin-arm64": "0.27.7",
        "@esbuild/darwin-x64": "0.27.7",
        "@esbuild/freebsd-arm64": "0.27.7",
        "@esbuild/freebsd-x64": "0.27.7",
        "@esbuild/linux-arm": "0.27.7",
        "@esbuild/linux-arm64": "0.27.7",
        "@esbuild/linux-ia32": "0.27.7",
        "@esbuild/linux-loong64": "0.27.7",
        "@esbuild/linux-mips64el": "0.27.7",
        "@esbuild/linux-ppc64": "0.27.7",
        "@esbuild/linux-riscv64": "0.27.7",
        "@esbuild/linux-s390x": "0.27.7",
        "@esbuild/linux-x64": "0.27.7",
        "@esbuild/netbsd-arm64": "0.27.7",
        "@esbuild/netbsd-x64": "0.27.7",
        "@esbuild/openbsd-arm64": "0.27.7",
        "@esbuild/openbsd-x64": "0.27.7",
        "@esbuild/openharmony-arm64": "0.27.7",
        "@esbuild/sunos-x64": "0.27.7",
        "@esbuild/win32-arm64": "0.27.7",
        "@esbuild/win32-ia32": "0.27.7",
        "@esbuild/win32-x64": "0.27.7"
      }
    },
    "node_modules/esbuild/node_modules/@esbuild/aix-ppc64": {
      "dev": true,
      "optional": true
    },
    "node_modules/esbuild/node_modules/@esbuild/android-arm": {
      "dev": true,
      "optional": true
    },
    "node_modules/esbuild/node_modules/@esbuild/android-arm64": {
      "dev": true,
      "optional": true
    },
    "node_modules/esbuild/node_modules/@esbuild/android-x64": {
      "dev": true,
      "optional": true
    },
    "node_modules/esbuild/node_modules/@esbuild/darwin-arm64": {
      "dev": true,
      "optional": true
    },
    "node_modules/esbuild/node_modules/@esbuild/darwin-x64": {
      "dev": true,
      "optional": true
    },
    "node_modules/esbuild/node_modules/@esbuild/freebsd-arm64": {
      "dev": true,
      "optional": true
    },
    "node_modules/esbuild/node_modules/@esbuild/freebsd-x64": {
      "dev": true,
      "optional": true
    },
    "node_modules/esbuild/node_modules/@esbuild/linux-arm": {
      "dev": true,
      "optional": true
    },
    "node_modules/esbuild/node_modules/@esbuild/linux-arm64": {
      "dev": true,
      "optional": true
    },
    "node_modules/esbuild/node_modules/@esbuild/linux-ia32": {
      "dev": true,
      "optional": true
    },
    "node_modules/esbuild/node_modules/@esbuild/linux-loong64": {
      "dev": true,
      "optional": true
    },
    "node_modules/esbuild/node_modules/@esbuild/linux-mips64el": {
      "dev": true,
      "optional": true
    },
    "node_modules/esbuild/node_modules/@esbuild/linux-ppc64": {
      "dev": true,
      "optional": true
    },
    "node_modules/esbuild/node_modules/@esbuild/linux-riscv64": {
      "dev": true,
      "optional": true
    },
    "node_modules/esbuild/node_modules/@esbuild/linux-s390x": {
      "dev": true,
      "optional": true
    },
    "node_modules/esbuild/node_modules/@esbuild/linux-x64": {
      "dev": true,
      "optional": true
    },
    "node_modules/esbuild/node_modules/@esbuild/netbsd-arm64": {
      "dev": true,
      "optional": true
    },
    "node_modules/esbuild/node_modules/@esbuild/netbsd-x64": {
      "dev": true,
      "optional": true
    },
    "node_modules/esbuild/node_modules/@esbuild/openbsd-arm64": {
      "dev": true,
      "optional": true
    },
    "node_modules/esbuild/node_modules/@esbuild/openbsd-x64": {
      "dev": true,
      "optional": true
    },
    "node_modules/esbuild/node_modules/@esbuild/openharmony-arm64": {
      "dev": true,
      "optional": true
    },
    "node_modules/esbuild/node_modules/@esbuild/sunos-x64": {
      "dev": true,
      "optional": true
    },
    "node_modules/esbuild/node_modules/@esbuild/win32-arm64": {
      "dev": true,
      "optional": true
    },
    "node_modules/esbuild/node_modules/@esbuild/win32-ia32": {
      "dev": true,
      "optional": true
    },
    "node_modules/estree-walker": {
      "version": "2.0.2",
      "resolved": "https://registry.npm.wps.cn/estree-walker/download/estree-walker-2.0.2.tgz",
      "integrity": "sha1-UvAQF4wqTBF6d1fP6UKtt9LaTKw=",
      "license": "MIT"
    },
    "node_modules/fdir": {
      "version": "6.5.0",
      "resolved": "https://registry.npm.wps.cn/fdir/download/fdir-6.5.0.tgz",
      "integrity": "sha1-7Sq5Z6MxreYvGNB32uGSaE1Q01A=",
      "dev": true,
      "license": "MIT",
      "engines": {
        "node": ">=12.0.0"
      },
      "peerDependencies": {
        "picomatch": "^3 || ^4"
      },
      "peerDependenciesMeta": {
        "picomatch": {
          "optional": true
        }
      }
    },
    "node_modules/fsevents": {
      "version": "2.3.3",
      "resolved": "https://registry.npm.wps.cn/fsevents/download/fsevents-2.3.3.tgz",
      "integrity": "sha1-ysZAd4XQNnWipeGlMFxpezR9kNY=",
      "dev": true,
      "hasInstallScript": true,
      "license": "MIT",
      "optional": true,
      "os": [
        "darwin"
      ],
      "engines": {
        "node": "^8.16.0 || ^10.6.0 || >=11.0.0"
      }
    },
    "node_modules/linkify-it": {
      "version": "5.0.0",
      "resolved": "https://registry.npm.wps.cn/linkify-it/download/linkify-it-5.0.0.tgz",
      "integrity": "sha1-nvI4v6bccL2Of5VytS02mvVptCE=",
      "license": "MIT",
      "dependencies": {
        "uc.micro": "^2.0.0"
      }
    },
    "node_modules/magic-string": {
      "version": "0.30.21",
      "resolved": "https://registry.npm.wps.cn/magic-string/download/magic-string-0.30.21.tgz",
      "integrity": "sha1-VnY+wJoPqAkd8nh5/ZTRkHjADZE=",
      "license": "MIT",
      "dependencies": {
        "@jridgewell/sourcemap-codec": "^1.5.5"
      }
    },
    "node_modules/markdown-it": {
      "version": "14.1.1",
      "resolved": "https://registry.npm.wps.cn/markdown-it/download/markdown-it-14.1.1.tgz",
      "integrity": "sha1-hW+Qtm/DmucK/9JcGxi1gdfe7h8=",
      "license": "MIT",
      "dependencies": {
        "argparse": "^2.0.1",
        "entities": "^4.4.0",
        "linkify-it": "^5.0.0",
        "mdurl": "^2.0.0",
        "punycode.js": "^2.3.1",
        "uc.micro": "^2.1.0"
      },
      "bin": {
        "markdown-it": "bin/markdown-it.mjs"
      }
    },
    "node_modules/markdown-it/node_modules/entities": {
      "version": "4.5.0",
      "resolved": "https://registry.npm.wps.cn/entities/download/entities-4.5.0.tgz",
      "integrity": "sha1-XSaOpecRPsdMTQM7eepaNaSI+0g=",
      "license": "BSD-2-Clause",
      "engines": {
        "node": ">=0.12"
      },
      "funding": {
        "url": "https://github.com/fb55/entities?sponsor=1"
      }
    },
    "node_modules/mdurl": {
      "version": "2.0.0",
      "resolved": "https://registry.npm.wps.cn/mdurl/download/mdurl-2.0.0.tgz",
      "integrity": "sha1-gGduwEMwJd0+F+6YPQ/o3loiN+A=",
      "license": "MIT"
    },
    "node_modules/nanoid": {
      "version": "3.3.11",
      "resolved": "https://registry.npm.wps.cn/nanoid/download/nanoid-3.3.11.tgz",
      "integrity": "sha1-T08RLO++MDIC8hmYOBKJNiZtGFs=",
      "funding": [
        {
          "type": "github",
          "url": "https://github.com/sponsors/ai"
        }
      ],
      "license": "MIT",
      "bin": {
        "nanoid": "bin/nanoid.cjs"
      },
      "engines": {
        "node": "^10 || ^12 || ^13.7 || ^14 || >=15.0.1"
      }
    },
    "node_modules/picocolors": {
      "version": "1.1.1",
      "resolved": "https://registry.npm.wps.cn/picocolors/download/picocolors-1.1.1.tgz",
      "integrity": "sha1-PTIa8+q5ObCDyPkpodEs2oHCa2s=",
      "license": "ISC"
    },
    "node_modules/picomatch": {
      "version": "4.0.4",
      "resolved": "https://registry.npm.wps.cn/picomatch/download/picomatch-4.0.4.tgz",
      "integrity": "sha1-/W9eAKFDCG4HTf/kySS4+yk7BYk=",
      "dev": true,
      "license": "MIT",
      "peer": true,
      "engines": {
        "node": ">=12"
      },
      "funding": {
        "url": "https://github.com/sponsors/jonschlinkert"
      }
    },
    "node_modules/postcss": {
      "version": "8.5.12",
      "resolved": "https://registry.npm.wps.cn/postcss/download/postcss-8.5.12.tgz",
      "integrity": "sha1-zQwPZn98sFIeIxMjTqbnB6nsHds=",
      "funding": [
        {
          "type": "opencollective",
          "url": "https://opencollective.com/postcss/"
        },
        {
          "type": "tidelift",
          "url": "https://tidelift.com/funding/github/npm/postcss"
        },
        {
          "type": "github",
          "url": "https://github.com/sponsors/ai"
        }
      ],
      "license": "MIT",
      "dependencies": {
        "nanoid": "^3.3.11",
        "picocolors": "^1.1.1",
        "source-map-js": "^1.2.1"
      },
      "engines": {
        "node": "^10 || ^12 || >=14"
      }
    },
    "node_modules/punycode.js": {
      "version": "2.3.1",
      "resolved": "https://registry.npm.wps.cn/punycode.js/download/punycode.js-2.3.1.tgz",
      "integrity": "sha1-a1PlatdViCNOefSv+pCXLH3Yzbc=",
      "license": "MIT",
      "engines": {
        "node": ">=6"
      }
    },
    "node_modules/rollup": {
      "version": "4.60.2",
      "resolved": "https://registry.npm.wps.cn/rollup/download/rollup-4.60.2.tgz",
      "integrity": "sha1-rCP+S9UwMEzvn6YeY51wmLZ2LPQ=",
      "dev": true,
      "license": "MIT",
      "dependencies": {
        "@types/estree": "1.0.8"
      },
      "bin": {
        "rollup": "dist/bin/rollup"
      },
      "engines": {
        "node": ">=18.0.0",
        "npm": ">=8.0.0"
      },
      "optionalDependencies": {
        "@rollup/rollup-android-arm-eabi": "4.60.2",
        "@rollup/rollup-android-arm64": "4.60.2",
        "@rollup/rollup-darwin-arm64": "4.60.2",
        "@rollup/rollup-darwin-x64": "4.60.2",
        "@rollup/rollup-freebsd-arm64": "4.60.2",
        "@rollup/rollup-freebsd-x64": "4.60.2",
        "@rollup/rollup-linux-arm-gnueabihf": "4.60.2",
        "@rollup/rollup-linux-arm-musleabihf": "4.60.2",
        "@rollup/rollup-linux-arm64-gnu": "4.60.2",
        "@rollup/rollup-linux-arm64-musl": "4.60.2",
        "@rollup/rollup-linux-loong64-gnu": "4.60.2",
        "@rollup/rollup-linux-loong64-musl": "4.60.2",
        "@rollup/rollup-linux-ppc64-gnu": "4.60.2",
        "@rollup/rollup-linux-ppc64-musl": "4.60.2",
        "@rollup/rollup-linux-riscv64-gnu": "4.60.2",
        "@rollup/rollup-linux-riscv64-musl": "4.60.2",
        "@rollup/rollup-linux-s390x-gnu": "4.60.2",
        "@rollup/rollup-linux-x64-gnu": "4.60.2",
        "@rollup/rollup-linux-x64-musl": "4.60.2",
        "@rollup/rollup-openbsd-x64": "4.60.2",
        "@rollup/rollup-openharmony-arm64": "4.60.2",
        "@rollup/rollup-win32-arm64-msvc": "4.60.2",
        "@rollup/rollup-win32-ia32-msvc": "4.60.2",
        "@rollup/rollup-win32-x64-gnu": "4.60.2",
        "@rollup/rollup-win32-x64-msvc": "4.60.2",
        "fsevents": "~2.3.2"
      }
    },
    "node_modules/rollup/node_modules/@rollup/rollup-android-arm-eabi": {
      "dev": true,
      "optional": true
    },
    "node_modules/rollup/node_modules/@rollup/rollup-android-arm64": {
      "dev": true,
      "optional": true
    },
    "node_modules/rollup/node_modules/@rollup/rollup-darwin-x64": {
      "dev": true,
      "optional": true
    },
    "node_modules/rollup/node_modules/@rollup/rollup-freebsd-arm64": {
      "dev": true,
      "optional": true
    },
    "node_modules/rollup/node_modules/@rollup/rollup-freebsd-x64": {
      "dev": true,
      "optional": true
    },
    "node_modules/rollup/node_modules/@rollup/rollup-linux-arm-gnueabihf": {
      "dev": true,
      "optional": true
    },
    "node_modules/rollup/node_modules/@rollup/rollup-linux-arm-musleabihf": {
      "dev": true,
      "optional": true
    },
    "node_modules/rollup/node_modules/@rollup/rollup-linux-arm64-gnu": {
      "dev": true,
      "optional": true
    },
    "node_modules/rollup/node_modules/@rollup/rollup-linux-arm64-musl": {
      "dev": true,
      "optional": true
    },
    "node_modules/rollup/node_modules/@rollup/rollup-linux-loong64-gnu": {
      "dev": true,
      "optional": true
    },
    "node_modules/rollup/node_modules/@rollup/rollup-linux-loong64-musl": {
      "dev": true,
      "optional": true
    },
    "node_modules/rollup/node_modules/@rollup/rollup-linux-ppc64-gnu": {
      "dev": true,
      "optional": true
    },
    "node_modules/rollup/node_modules/@rollup/rollup-linux-ppc64-musl": {
      "dev": true,
      "optional": true
    },
    "node_modules/rollup/node_modules/@rollup/rollup-linux-riscv64-gnu": {
      "dev": true,
      "optional": true
    },
    "node_modules/rollup/node_modules/@rollup/rollup-linux-riscv64-musl": {
      "dev": true,
      "optional": true
    },
    "node_modules/rollup/node_modules/@rollup/rollup-linux-s390x-gnu": {
      "dev": true,
      "optional": true
    },
    "node_modules/rollup/node_modules/@rollup/rollup-linux-x64-musl": {
      "dev": true,
      "optional": true
    },
    "node_modules/rollup/node_modules/@rollup/rollup-openbsd-x64": {
      "dev": true,
      "optional": true
    },
    "node_modules/rollup/node_modules/@rollup/rollup-openharmony-arm64": {
      "dev": true,
      "optional": true
    },
    "node_modules/rollup/node_modules/@rollup/rollup-win32-arm64-msvc": {
      "dev": true,
      "optional": true
    },
    "node_modules/rollup/node_modules/@rollup/rollup-win32-ia32-msvc": {
      "dev": true,
      "optional": true
    },
    "node_modules/rollup/node_modules/@rollup/rollup-win32-x64-gnu": {
      "dev": true,
      "optional": true
    },
    "node_modules/source-map-js": {
      "version": "1.2.1",
      "resolved": "https://registry.npm.wps.cn/source-map-js/download/source-map-js-1.2.1.tgz",
      "integrity": "sha1-HOVlD93YerwJnto33P8CTCZnrkY=",
      "license": "BSD-3-Clause",
      "engines": {
        "node": ">=0.10.0"
      }
    },
    "node_modules/tinyglobby": {
      "version": "0.2.16",
      "resolved": "https://registry.npm.wps.cn/tinyglobby/download/tinyglobby-0.2.16.tgz",
      "integrity": "sha1-HDt+uVP85Csia8Wh7gZCgoGv89Y=",
      "dev": true,
      "license": "MIT",
      "dependencies": {
        "fdir": "^6.5.0",
        "picomatch": "^4.0.4"
      },
      "engines": {
        "node": ">=12.0.0"
      },
      "funding": {
        "url": "https://github.com/sponsors/SuperchupuDev"
      }
    },
    "node_modules/uc.micro": {
      "version": "2.1.0",
      "resolved": "https://registry.npm.wps.cn/uc.micro/download/uc.micro-2.1.0.tgz",
      "integrity": "sha1-+NP30OxMPeo1p+PI76TLi0XJ5+4=",
      "license": "MIT"
    },
    "node_modules/vite": {
      "version": "7.3.2",
      "resolved": "https://registry.npm.wps.cn/vite/download/vite-7.3.2.tgz",
      "integrity": "sha1-ywQXlNTBOV4ouuqYGY/W6PS5a1w=",
      "dev": true,
      "license": "MIT",
      "peer": true,
      "dependencies": {
        "esbuild": "^0.27.0",
        "fdir": "^6.5.0",
        "picomatch": "^4.0.3",
        "postcss": "^8.5.6",
        "rollup": "^4.43.0",
        "tinyglobby": "^0.2.15"
      },
      "bin": {
        "vite": "bin/vite.js"
      },
      "engines": {
        "node": "^20.19.0 || >=22.12.0"
      },
      "funding": {
        "url": "https://github.com/vitejs/vite?sponsor=1"
      },
      "optionalDependencies": {
        "fsevents": "~2.3.3"
      },
      "peerDependencies": {
        "@types/node": "^20.19.0 || >=22.12.0",
        "jiti": ">=1.21.0",
        "less": "^4.0.0",
        "lightningcss": "^1.21.0",
        "sass": "^1.70.0",
        "sass-embedded": "^1.70.0",
        "stylus": ">=0.54.8",
        "sugarss": "^5.0.0",
        "terser": "^5.16.0",
        "tsx": "^4.8.1",
        "yaml": "^2.4.2"
      },
      "peerDependenciesMeta": {
        "@types/node": {
          "optional": true
        },
        "jiti": {
          "optional": true
        },
        "less": {
          "optional": true
        },
        "lightningcss": {
          "optional": true
        },
        "sass": {
          "optional": true
        },
        "sass-embedded": {
          "optional": true
        },
        "stylus": {
          "optional": true
        },
        "sugarss": {
          "optional": true
        },
        "terser": {
          "optional": true
        },
        "tsx": {
          "optional": true
        },
        "yaml": {
          "optional": true
        }
      }
    },
    "node_modules/vue": {
      "version": "3.5.33",
      "resolved": "https://registry.npm.wps.cn/vue/download/vue-3.5.33.tgz",
      "integrity": "sha1-LuVCWvirhOJVBU8fNDBuNw+F6hk=",
      "license": "MIT",
      "peer": true,
      "dependencies": {
        "@vue/compiler-dom": "3.5.33",
        "@vue/compiler-sfc": "3.5.33",
        "@vue/runtime-dom": "3.5.33",
        "@vue/server-renderer": "3.5.33",
        "@vue/shared": "3.5.33"
      },
      "peerDependencies": {
        "typescript": "*"
      },
      "peerDependenciesMeta": {
        "typescript": {
          "optional": true
        }
      }
    }
  }
}
