lockfileVersion: '9.0'

settings:
  autoInstallPeers: true
  excludeLinksFromLockfile: false

importers:

  .:
    dependencies:
      '@vue-flow/background':
        specifier: ^1.3.2
        version: 1.3.2(@vue-flow/core@1.48.2(vue@3.5.34))(vue@3.5.34)
      '@vue-flow/controls':
        specifier: ^1.1.3
        version: 1.1.3(@vue-flow/core@1.48.2(vue@3.5.34))(vue@3.5.34)
      '@vue-flow/core':
        specifier: ^1.48.2
        version: 1.48.2(vue@3.5.34)
      '@vue-flow/minimap':
        specifier: ^1.5.4
        version: 1.5.4(@vue-flow/core@1.48.2(vue@3.5.34))(vue@3.5.34)
      markdown-it:
        specifier: ^14.1.0
        version: 14.1.1
      vue:
        specifier: ^3.5.24
        version: 3.5.34
    devDependencies:
      '@vitejs/plugin-vue':
        specifier: ^6.0.1
        version: 6.0.6(vite@7.3.3)(vue@3.5.34)
      vite:
        specifier: ^7.2.4
        version: 7.3.3

packages:

  '@babel/helper-string-parser@7.27.1':
    resolution: {integrity: sha1-VNp5YJerGc5n7Z+ItHuy7Ek2doc=, tarball: https://registry.npm.wps.cn/@babel/helper-string-parser/download/@babel/helper-string-parser-7.27.1.tgz}
    engines: {node: '>=6.9.0'}

  '@babel/helper-validator-identifier@7.28.5':
    resolution: {integrity: sha1-AQtpOPq3y333SqK7wGqlA7j+X7Q=, tarball: https://registry.npm.wps.cn/@babel/helper-validator-identifier/download/@babel/helper-validator-identifier-7.28.5.tgz}
    engines: {node: '>=6.9.0'}

  '@babel/parser@7.29.3':
    resolution: {integrity: sha1-EW9wp3lYMH/OrCd0dXMDL4pi+I4=, tarball: https://registry.npm.wps.cn/@babel/parser/download/@babel/parser-7.29.3.tgz}
    engines: {node: '>=6.0.0'}
    hasBin: true

  '@babel/types@7.29.0':
    resolution: {integrity: sha1-n1seg4xEbnLPPNS5GBUrjGBeN8c=, tarball: https://registry.npm.wps.cn/@babel/types/download/@babel/types-7.29.0.tgz}
    engines: {node: '>=6.9.0'}

  '@esbuild/aix-ppc64@0.27.7':
    resolution: {integrity: sha1-grdPkqp41yC3FBYpOfskjJCt31M=, tarball: https://registry.npm.wps.cn/@esbuild/aix-ppc64/download/@esbuild/aix-ppc64-0.27.7.tgz}
    engines: {node: '>=18'}
    cpu: [ppc64]
    os: [aix]

  '@esbuild/android-arm64@0.27.7':
    resolution: {integrity: sha1-94y4oxIfwgWlMoWtskly2zhdGF0=, tarball: https://registry.npm.wps.cn/@esbuild/android-arm64/download/@esbuild/android-arm64-0.27.7.tgz}
    engines: {node: '>=18'}
    cpu: [arm64]
    os: [android]

  '@esbuild/android-arm@0.27.7':
    resolution: {integrity: sha1-WT4QoUULv8rGyzIfYfRoRTusIJ0=, tarball: https://registry.npm.wps.cn/@esbuild/android-arm/download/@esbuild/android-arm-0.27.7.tgz}
    engines: {node: '>=18'}
    cpu: [arm]
    os: [android]

  '@esbuild/android-x64@0.27.7':
    resolution: {integrity: sha1-RTFD0HMyYDPS0iyvnkjeS64nSwc=, tarball: https://registry.npm.wps.cn/@esbuild/android-x64/download/@esbuild/android-x64-0.27.7.tgz}
    engines: {node: '>=18'}
    cpu: [x64]
    os: [android]

  '@esbuild/darwin-arm64@0.27.7':
    resolution: {integrity: sha1-byMAD7m0C34Et9BgbAaTvQYy8yI=, tarball: https://registry.npm.wps.cn/@esbuild/darwin-arm64/download/@esbuild/darwin-arm64-0.27.7.tgz}
    engines: {node: '>=18'}
    cpu: [arm64]
    os: [darwin]

  '@esbuild/darwin-x64@0.27.7':
    resolution: {integrity: sha1-Jzk90YuxJjxmOXnF8VduAMLQJL4=, tarball: https://registry.npm.wps.cn/@esbuild/darwin-x64/download/@esbuild/darwin-x64-0.27.7.tgz}
    engines: {node: '>=18'}
    cpu: [x64]
    os: [darwin]

  '@esbuild/freebsd-arm64@0.27.7':
    resolution: {integrity: sha1-IuRjj6UC0cACcHcyTJdkDjrfOmI=, tarball: https://registry.npm.wps.cn/@esbuild/freebsd-arm64/download/@esbuild/freebsd-arm64-0.27.7.tgz}
    engines: {node: '>=18'}
    cpu: [arm64]
    os: [freebsd]

  '@esbuild/freebsd-x64@0.27.7':
    resolution: {integrity: sha1-kiS45P6pJM4hlOPvw+muv4IhktY=, tarball: https://registry.npm.wps.cn/@esbuild/freebsd-x64/download/@esbuild/freebsd-x64-0.27.7.tgz}
    engines: {node: '>=18'}
    cpu: [x64]
    os: [freebsd]

  '@esbuild/linux-arm64@0.27.7':
    resolution: {integrity: sha1-T10cJ1J9gXs1aEriFBnlfCvaCWY=, tarball: https://registry.npm.wps.cn/@esbuild/linux-arm64/download/@esbuild/linux-arm64-0.27.7.tgz}
    engines: {node: '>=18'}
    cpu: [arm64]
    os: [linux]

  '@esbuild/linux-arm@0.27.7':
    resolution: {integrity: sha1-uenQcMjBwESc8Ssg6sN9cKRZWSE=, tarball: https://registry.npm.wps.cn/@esbuild/linux-arm/download/@esbuild/linux-arm-0.27.7.tgz}
    engines: {node: '>=18'}
    cpu: [arm]
    os: [linux]

  '@esbuild/linux-ia32@0.27.7':
    resolution: {integrity: sha1-P4D7aWqpYFGpQEfzXIWwiyHDb54=, tarball: https://registry.npm.wps.cn/@esbuild/linux-ia32/download/@esbuild/linux-ia32-0.27.7.tgz}
    engines: {node: '>=18'}
    cpu: [ia32]
    os: [linux]

  '@esbuild/linux-loong64@0.27.7':
    resolution: {integrity: sha1-m+HywoIQsT67QVYiG7o1b+FnUgU=, tarball: https://registry.npm.wps.cn/@esbuild/linux-loong64/download/@esbuild/linux-loong64-0.27.7.tgz}
    engines: {node: '>=18'}
    cpu: [loong64]
    os: [linux]

  '@esbuild/linux-mips64el@0.27.7':
    resolution: {integrity: sha1-SrXuZ6Pfy8tej9eIPa5uc1sRY7g=, tarball: https://registry.npm.wps.cn/@esbuild/linux-mips64el/download/@esbuild/linux-mips64el-0.27.7.tgz}
    engines: {node: '>=18'}
    cpu: [mips64el]
    os: [linux]

  '@esbuild/linux-ppc64@0.27.7':
    resolution: {integrity: sha1-2seMaJ9kmUWcQyHlwVAywSMH5+o=, tarball: https://registry.npm.wps.cn/@esbuild/linux-ppc64/download/@esbuild/linux-ppc64-0.27.7.tgz}
    engines: {node: '>=18'}
    cpu: [ppc64]
    os: [linux]

  '@esbuild/linux-riscv64@0.27.7':
    resolution: {integrity: sha1-BQ99OzVcOpgwjpNbxNYyXakbACc=, tarball: https://registry.npm.wps.cn/@esbuild/linux-riscv64/download/@esbuild/linux-riscv64-0.27.7.tgz}
    engines: {node: '>=18'}
    cpu: [riscv64]
    os: [linux]

  '@esbuild/linux-s390x@0.27.7':
    resolution: {integrity: sha1-1h9xXOYdQ/5YRK0Nj0Y/iMvk/vY=, tarball: https://registry.npm.wps.cn/@esbuild/linux-s390x/download/@esbuild/linux-s390x-0.27.7.tgz}
    engines: {node: '>=18'}
    cpu: [s390x]
    os: [linux]

  '@esbuild/linux-x64@0.27.7':
    resolution: {integrity: sha1-yo4apHj8ggkle/Osj3nE3CmC8yo=, tarball: https://registry.npm.wps.cn/@esbuild/linux-x64/download/@esbuild/linux-x64-0.27.7.tgz}
    engines: {node: '>=18'}
    cpu: [x64]
    os: [linux]

  '@esbuild/netbsd-arm64@0.27.7':
    resolution: {integrity: sha1-FlDywblI3us++Ujy/DBhRyPAlpA=, tarball: https://registry.npm.wps.cn/@esbuild/netbsd-arm64/download/@esbuild/netbsd-arm64-0.27.7.tgz}
    engines: {node: '>=18'}
    cpu: [arm64]
    os: [netbsd]

  '@esbuild/netbsd-x64@0.27.7':
    resolution: {integrity: sha1-ZXcqs0LEszGb8HBaIRBQqsG24yA=, tarball: https://registry.npm.wps.cn/@esbuild/netbsd-x64/download/@esbuild/netbsd-x64-0.27.7.tgz}
    engines: {node: '>=18'}
    cpu: [x64]
    os: [netbsd]

  '@esbuild/openbsd-arm64@0.27.7':
    resolution: {integrity: sha1-N+18+mZUnXlVhS/ON9DD3k5xXqE=, tarball: https://registry.npm.wps.cn/@esbuild/openbsd-arm64/download/@esbuild/openbsd-arm64-0.27.7.tgz}
    engines: {node: '>=18'}
    cpu: [arm64]
    os: [openbsd]

  '@esbuild/openbsd-x64@0.27.7':
    resolution: {integrity: sha1-Ab89OFhV71DLM9t8S1L5V8NM0Xk=, tarball: https://registry.npm.wps.cn/@esbuild/openbsd-x64/download/@esbuild/openbsd-x64-0.27.7.tgz}
    engines: {node: '>=18'}
    cpu: [x64]
    os: [openbsd]

  '@esbuild/openharmony-arm64@0.27.7':
    resolution: {integrity: sha1-bB+Us0CGWZqr2k6sj2OClLmHdBA=, tarball: https://registry.npm.wps.cn/@esbuild/openharmony-arm64/download/@esbuild/openharmony-arm64-0.27.7.tgz}
    engines: {node: '>=18'}
    cpu: [arm64]
    os: [openharmony]

  '@esbuild/sunos-x64@0.27.7':
    resolution: {integrity: sha1-Sw3ReuCmlB0tD9NakGOSUXBxqQ0=, tarball: https://registry.npm.wps.cn/@esbuild/sunos-x64/download/@esbuild/sunos-x64-0.27.7.tgz}
    engines: {node: '>=18'}
    cpu: [x64]
    os: [sunos]

  '@esbuild/win32-arm64@0.27.7':
    resolution: {integrity: sha1-NBk6tVZdb/aMqSisBL51ECzLLnc=, tarball: https://registry.npm.wps.cn/@esbuild/win32-arm64/download/@esbuild/win32-arm64-0.27.7.tgz}
    engines: {node: '>=18'}
    cpu: [arm64]
    os: [win32]

  '@esbuild/win32-ia32@0.27.7':
    resolution: {integrity: sha1-62fw5EglFdjBiU7eYxwyek2p/E0=, tarball: https://registry.npm.wps.cn/@esbuild/win32-ia32/download/@esbuild/win32-ia32-0.27.7.tgz}
    engines: {node: '>=18'}
    cpu: [ia32]
    os: [win32]

  '@esbuild/win32-x64@0.27.7':
    resolution: {integrity: sha1-j+MLMIi4m0hzw6bMh1l645IMCos=, tarball: https://registry.npm.wps.cn/@esbuild/win32-x64/download/@esbuild/win32-x64-0.27.7.tgz}
    engines: {node: '>=18'}
    cpu: [x64]
    os: [win32]

  '@jridgewell/sourcemap-codec@1.5.5':
    resolution: {integrity: sha1-aRKwDSxjHA0Vzhp6tXzWV/Ko+Lo=, tarball: https://registry.npm.wps.cn/@jridgewell/sourcemap-codec/download/@jridgewell/sourcemap-codec-1.5.5.tgz}

  '@rolldown/pluginutils@1.0.0-rc.13':
    resolution: {integrity: sha1-CToBrwzeE1UvBYVE/K3xLptSLDs=, tarball: https://registry.npm.wps.cn/@rolldown/pluginutils/download/@rolldown/pluginutils-1.0.0-rc.13.tgz}

  '@rollup/rollup-darwin-arm64@4.60.3':
    resolution: {integrity: sha1-vDQak7shETJqKGX1XR0juu3s9Aw=, tarball: https://registry.npm.wps.cn/@rollup/rollup-darwin-arm64/download/@rollup/rollup-darwin-arm64-4.60.3.tgz}
    cpu: [arm64]
    os: [darwin]

  '@rollup/rollup-linux-x64-gnu@4.60.3':
    resolution: {integrity: sha1-32uzhhemaoQr0q6slWDNcp0IQlg=, tarball: https://registry.npm.wps.cn/@rollup/rollup-linux-x64-gnu/download/@rollup/rollup-linux-x64-gnu-4.60.3.tgz}
    cpu: [x64]
    os: [linux]
    libc: [glibc]

  '@rollup/rollup-win32-x64-msvc@4.60.3':
    resolution: {integrity: sha1-zG8JSj/+VVa7SoMe5vtXK4zYGnU=, tarball: https://registry.npm.wps.cn/@rollup/rollup-win32-x64-msvc/download/@rollup/rollup-win32-x64-msvc-4.60.3.tgz}
    cpu: [x64]
    os: [win32]

  '@types/estree@1.0.8':
    resolution: {integrity: sha1-lYuRyZGxhnztMYvt6g4hXuBQcm4=, tarball: https://registry.npm.wps.cn/@types/estree/download/@types/estree-1.0.8.tgz}

  '@types/web-bluetooth@0.0.20':
    resolution: {integrity: sha1-8Gar/NHL5mJnzbvw3gENikG0FZc=, tarball: https://registry.npm.wps.cn/@types/web-bluetooth/download/@types/web-bluetooth-0.0.20.tgz}

  '@vitejs/plugin-vue@6.0.6':
    resolution: {integrity: sha1-TYo6eUE4LPJ2CsVZM2S+poVq57I=, tarball: https://registry.npm.wps.cn/@vitejs/plugin-vue/download/@vitejs/plugin-vue-6.0.6.tgz}
    engines: {node: ^20.19.0 || >=22.12.0}
    peerDependencies:
      vite: ^5.0.0 || ^6.0.0 || ^7.0.0 || ^8.0.0
      vue: ^3.2.25

  '@vue-flow/background@1.3.2':
    resolution: {integrity: sha1-DJDNBeXWDaAXu69aHD62r37Zt3g=, tarball: https://registry.npm.wps.cn/@vue-flow/background/download/@vue-flow/background-1.3.2.tgz}
    peerDependencies:
      '@vue-flow/core': ^1.23.0
      vue: ^3.3.0

  '@vue-flow/controls@1.1.3':
    resolution: {integrity: sha1-QIZrVTEB++8i0rmgQ5Ze12/KSyw=, tarball: https://registry.npm.wps.cn/@vue-flow/controls/download/@vue-flow/controls-1.1.3.tgz}
    peerDependencies:
      '@vue-flow/core': ^1.23.0
      vue: ^3.3.0

  '@vue-flow/core@1.48.2':
    resolution: {integrity: sha1-zvhkGxf2IgwlfUIIvbIILO6IIiU=, tarball: https://registry.npm.wps.cn/@vue-flow/core/download/@vue-flow/core-1.48.2.tgz}
    peerDependencies:
      vue: ^3.3.0

  '@vue-flow/minimap@1.5.4':
    resolution: {integrity: sha1-ycO63qSdQWaqnNxxMBc5fZ33V0w=, tarball: https://registry.npm.wps.cn/@vue-flow/minimap/download/@vue-flow/minimap-1.5.4.tgz}
    peerDependencies:
      '@vue-flow/core': ^1.23.0
      vue: ^3.3.0

  '@vue/compiler-core@3.5.34':
    resolution: {integrity: sha1-bYSka3/fEWLPgiWqK+QpGKdquCc=, tarball: https://registry.npm.wps.cn/@vue/compiler-core/download/@vue/compiler-core-3.5.34.tgz}

  '@vue/compiler-dom@3.5.34':
    resolution: {integrity: sha1-a5Q+gQaCKGjnTWbGFUMru6alib4=, tarball: https://registry.npm.wps.cn/@vue/compiler-dom/download/@vue/compiler-dom-3.5.34.tgz}

  '@vue/compiler-sfc@3.5.34':
    resolution: {integrity: sha1-k7auszk817PHH/B/KIeVWPcuXx0=, tarball: https://registry.npm.wps.cn/@vue/compiler-sfc/download/@vue/compiler-sfc-3.5.34.tgz}

  '@vue/compiler-ssr@3.5.34':
    resolution: {integrity: sha1-BWGuP5uBVkkpqFRHae7pzJKnbEI=, tarball: https://registry.npm.wps.cn/@vue/compiler-ssr/download/@vue/compiler-ssr-3.5.34.tgz}

  '@vue/reactivity@3.5.34':
    resolution: {integrity: sha1-1BNV9+ixeEB46kmOx9l05OJtS3Q=, tarball: https://registry.npm.wps.cn/@vue/reactivity/download/@vue/reactivity-3.5.34.tgz}

  '@vue/runtime-core@3.5.34':
    resolution: {integrity: sha1-G0zi6/lNZwrL2PItkuRZCOKiyWo=, tarball: https://registry.npm.wps.cn/@vue/runtime-core/download/@vue/runtime-core-3.5.34.tgz}

  '@vue/runtime-dom@3.5.34':
    resolution: {integrity: sha1-G05cAJ/p1s5oLPwjctpKvUBhTSk=, tarball: https://registry.npm.wps.cn/@vue/runtime-dom/download/@vue/runtime-dom-3.5.34.tgz}

  '@vue/server-renderer@3.5.34':
    resolution: {integrity: sha1-4Hdvg5MStBEftb10KnD0NSmKPiE=, tarball: https://registry.npm.wps.cn/@vue/server-renderer/download/@vue/server-renderer-3.5.34.tgz}
    peerDependencies:
      vue: 3.5.34

  '@vue/shared@3.5.34':
    resolution: {integrity: sha1-Zl8rL9YA9sGAZoQjkJpv3mTL/M0=, tarball: https://registry.npm.wps.cn/@vue/shared/download/@vue/shared-3.5.34.tgz}

  '@vueuse/core@10.11.1':
    resolution: {integrity: sha1-FdLAtkSNIhIjWyOnuinCcXPgwsY=, tarball: https://registry.npm.wps.cn/@vueuse/core/download/@vueuse/core-10.11.1.tgz}

  '@vueuse/metadata@10.11.1':
    resolution: {integrity: sha1-IJ23u1kVqhcqh1ELbeLKAcrb0qc=, tarball: https://registry.npm.wps.cn/@vueuse/metadata/download/@vueuse/metadata-10.11.1.tgz}

  '@vueuse/shared@10.11.1':
    resolution: {integrity: sha1-YrhOMRiubh8/849PvnGwxdDxCTg=, tarball: https://registry.npm.wps.cn/@vueuse/shared/download/@vueuse/shared-10.11.1.tgz}

  argparse@2.0.1:
    resolution: {integrity: sha1-JG9Q88p4oyQPbJl+ipvR6sSeSzg=, tarball: https://registry.npm.wps.cn/argparse/download/argparse-2.0.1.tgz}

  csstype@3.2.3:
    resolution: {integrity: sha1-7EjA8+mT5QZIyG2lWeJhCZXPmJo=, tarball: https://registry.npm.wps.cn/csstype/download/csstype-3.2.3.tgz}

  d3-color@3.1.0:
    resolution: {integrity: sha1-OVsoM9+scVB/EqwvevI7+BneJOI=, tarball: https://registry.npm.wps.cn/d3-color/download/d3-color-3.1.0.tgz}
    engines: {node: '>=12'}

  d3-dispatch@3.0.1:
    resolution: {integrity: sha1-X8dShOnCN1w2yDlBGgz1UMv8TV4=, tarball: https://registry.npm.wps.cn/d3-dispatch/download/d3-dispatch-3.0.1.tgz}
    engines: {node: '>=12'}

  d3-drag@3.0.0:
    resolution: {integrity: sha1-mUqunNI8cZ9TteEOOgphCMaWB7o=, tarball: https://registry.npm.wps.cn/d3-drag/download/d3-drag-3.0.0.tgz}
    engines: {node: '>=12'}

  d3-ease@3.0.1:
    resolution: {integrity: sha1-llisOKIUDVnTRhYPH2ww/aC9EvQ=, tarball: https://registry.npm.wps.cn/d3-ease/download/d3-ease-3.0.1.tgz}
    engines: {node: '>=12'}

  d3-interpolate@3.0.1:
    resolution: {integrity: sha1-PEeqWzLFs9+1bvP9Q0IHimMrQA0=, tarball: https://registry.npm.wps.cn/d3-interpolate/download/d3-interpolate-3.0.1.tgz}
    engines: {node: '>=12'}

  d3-selection@3.0.0:
    resolution: {integrity: sha1-wlM4IH76csxbm9FFihpBkB8eGzE=, tarball: https://registry.npm.wps.cn/d3-selection/download/d3-selection-3.0.0.tgz}
    engines: {node: '>=12'}

  d3-timer@3.0.1:
    resolution: {integrity: sha1-YoTSonCChbGrt+IB7aQ4CvNeY7A=, tarball: https://registry.npm.wps.cn/d3-timer/download/d3-timer-3.0.1.tgz}
    engines: {node: '>=12'}

  d3-transition@3.0.1:
    resolution: {integrity: sha1-aGn93hRIhoB3/dWYkgDLYbKhZF8=, tarball: https://registry.npm.wps.cn/d3-transition/download/d3-transition-3.0.1.tgz}
    engines: {node: '>=12'}
    peerDependencies:
      d3-selection: 2 - 3

  d3-zoom@3.0.0:
    resolution: {integrity: sha1-0T9BZccyF//qpUKVzWlps+eu6PM=, tarball: https://registry.npm.wps.cn/d3-zoom/download/d3-zoom-3.0.0.tgz}
    engines: {node: '>=12'}

  entities@4.5.0:
    resolution: {integrity: sha1-XSaOpecRPsdMTQM7eepaNaSI+0g=, tarball: https://registry.npm.wps.cn/entities/download/entities-4.5.0.tgz}
    engines: {node: '>=0.12'}

  entities@7.0.1:
    resolution: {integrity: sha1-JuioiInbY0F9y5oeeaPxvJK1l2s=, tarball: https://registry.npm.wps.cn/entities/download/entities-7.0.1.tgz}
    engines: {node: '>=0.12'}

  esbuild@0.27.7:
    resolution: {integrity: sha1-vK3OIrLz/XbyV+OmT4OmSYb+oR8=, tarball: https://registry.npm.wps.cn/esbuild/download/esbuild-0.27.7.tgz}
    engines: {node: '>=18'}
    hasBin: true

  estree-walker@2.0.2:
    resolution: {integrity: sha1-UvAQF4wqTBF6d1fP6UKtt9LaTKw=, tarball: https://registry.npm.wps.cn/estree-walker/download/estree-walker-2.0.2.tgz}

  fdir@6.5.0:
    resolution: {integrity: sha1-7Sq5Z6MxreYvGNB32uGSaE1Q01A=, tarball: https://registry.npm.wps.cn/fdir/download/fdir-6.5.0.tgz}
    engines: {node: '>=12.0.0'}
    peerDependencies:
      picomatch: ^3 || ^4
    peerDependenciesMeta:
      picomatch:
        optional: true

  fsevents@2.3.3:
    resolution: {integrity: sha1-ysZAd4XQNnWipeGlMFxpezR9kNY=, tarball: https://registry.npm.wps.cn/fsevents/download/fsevents-2.3.3.tgz}
    engines: {node: ^8.16.0 || ^10.6.0 || >=11.0.0}
    os: [darwin]

  linkify-it@5.0.0:
    resolution: {integrity: sha1-nvI4v6bccL2Of5VytS02mvVptCE=, tarball: https://registry.npm.wps.cn/linkify-it/download/linkify-it-5.0.0.tgz}

  magic-string@0.30.21:
    resolution: {integrity: sha1-VnY+wJoPqAkd8nh5/ZTRkHjADZE=, tarball: https://registry.npm.wps.cn/magic-string/download/magic-string-0.30.21.tgz}

  markdown-it@14.1.1:
    resolution: {integrity: sha1-hW+Qtm/DmucK/9JcGxi1gdfe7h8=, tarball: https://registry.npm.wps.cn/markdown-it/download/markdown-it-14.1.1.tgz}
    hasBin: true

  mdurl@2.0.0:
    resolution: {integrity: sha1-gGduwEMwJd0+F+6YPQ/o3loiN+A=, tarball: https://registry.npm.wps.cn/mdurl/download/mdurl-2.0.0.tgz}

  nanoid@3.3.12:
    resolution: {integrity: sha1-qz2RLiF6bQpRTwCnKhZUOiiYLAU=, tarball: https://registry.npm.wps.cn/nanoid/download/nanoid-3.3.12.tgz}
    engines: {node: ^10 || ^12 || ^13.7 || ^14 || >=15.0.1}
    hasBin: true

  picocolors@1.1.1:
    resolution: {integrity: sha1-PTIa8+q5ObCDyPkpodEs2oHCa2s=, tarball: https://registry.npm.wps.cn/picocolors/download/picocolors-1.1.1.tgz}

  picomatch@4.0.4:
    resolution: {integrity: sha1-/W9eAKFDCG4HTf/kySS4+yk7BYk=, tarball: https://registry.npm.wps.cn/picomatch/download/picomatch-4.0.4.tgz}
    engines: {node: '>=12'}

  postcss@8.5.14:
    resolution: {integrity: sha1-pmwteAj632nrtbhKA/i6/XbEkZw=, tarball: https://registry.npm.wps.cn/postcss/download/postcss-8.5.14.tgz}
    engines: {node: ^10 || ^12 || >=14}

  punycode.js@2.3.1:
    resolution: {integrity: sha1-a1PlatdViCNOefSv+pCXLH3Yzbc=, tarball: https://registry.npm.wps.cn/punycode.js/download/punycode.js-2.3.1.tgz}
    engines: {node: '>=6'}

  rollup@4.60.3:
    resolution: {integrity: sha1-eJJY1B0JBofQyn6A6Fg9czcR3dM=, tarball: https://registry.npm.wps.cn/rollup/download/rollup-4.60.3.tgz}
    engines: {node: '>=18.0.0', npm: '>=8.0.0'}
    hasBin: true

  source-map-js@1.2.1:
    resolution: {integrity: sha1-HOVlD93YerwJnto33P8CTCZnrkY=, tarball: https://registry.npm.wps.cn/source-map-js/download/source-map-js-1.2.1.tgz}
    engines: {node: '>=0.10.0'}

  tinyglobby@0.2.16:
    resolution: {integrity: sha1-HDt+uVP85Csia8Wh7gZCgoGv89Y=, tarball: https://registry.npm.wps.cn/tinyglobby/download/tinyglobby-0.2.16.tgz}
    engines: {node: '>=12.0.0'}

  uc.micro@2.1.0:
    resolution: {integrity: sha1-+NP30OxMPeo1p+PI76TLi0XJ5+4=, tarball: https://registry.npm.wps.cn/uc.micro/download/uc.micro-2.1.0.tgz}

  vite@7.3.3:
    resolution: {integrity: sha1-1+B6UrWHP7hvkCo/Sz0XQQM3RQ8=, tarball: https://registry.npm.wps.cn/vite/download/vite-7.3.3.tgz}
    engines: {node: ^20.19.0 || >=22.12.0}
    hasBin: true
    peerDependencies:
      '@types/node': ^20.19.0 || >=22.12.0
      jiti: '>=1.21.0'
      less: ^4.0.0
      lightningcss: ^1.21.0
      sass: ^1.70.0
      sass-embedded: ^1.70.0
      stylus: '>=0.54.8'
      sugarss: ^5.0.0
      terser: ^5.16.0
      tsx: ^4.8.1
      yaml: ^2.4.2
    peerDependenciesMeta:
      '@types/node':
        optional: true
      jiti:
        optional: true
      less:
        optional: true
      lightningcss:
        optional: true
      sass:
        optional: true
      sass-embedded:
        optional: true
      stylus:
        optional: true
      sugarss:
        optional: true
      terser:
        optional: true
      tsx:
        optional: true
      yaml:
        optional: true

  vue-demi@0.14.10:
    resolution: {integrity: sha1-r8eN49b54Rv3jFXoUQ7hKBRSLwQ=, tarball: https://registry.npm.wps.cn/vue-demi/download/vue-demi-0.14.10.tgz}
    engines: {node: '>=12'}
    hasBin: true
    peerDependencies:
      '@vue/composition-api': ^1.0.0-rc.1
      vue: ^3.0.0-0 || ^2.6.0
    peerDependenciesMeta:
      '@vue/composition-api':
        optional: true

  vue@3.5.34:
    resolution: {integrity: sha1-OyVuswlkQWr2QGp5X8/XpXc6k8U=, tarball: https://registry.npm.wps.cn/vue/download/vue-3.5.34.tgz}
    peerDependencies:
      typescript: '*'
    peerDependenciesMeta:
      typescript:
        optional: true

snapshots:

  '@babel/helper-string-parser@7.27.1': {}

  '@babel/helper-validator-identifier@7.28.5': {}

  '@babel/parser@7.29.3':
    dependencies:
      '@babel/types': 7.29.0

  '@babel/types@7.29.0':
    dependencies:
      '@babel/helper-string-parser': 7.27.1
      '@babel/helper-validator-identifier': 7.28.5

  '@esbuild/aix-ppc64@0.27.7':
    optional: true

  '@esbuild/android-arm64@0.27.7':
    optional: true

  '@esbuild/android-arm@0.27.7':
    optional: true

  '@esbuild/android-x64@0.27.7':
    optional: true

  '@esbuild/darwin-arm64@0.27.7':
    optional: true

  '@esbuild/darwin-x64@0.27.7':
    optional: true

  '@esbuild/freebsd-arm64@0.27.7':
    optional: true

  '@esbuild/freebsd-x64@0.27.7':
    optional: true

  '@esbuild/linux-arm64@0.27.7':
    optional: true

  '@esbuild/linux-arm@0.27.7':
    optional: true

  '@esbuild/linux-ia32@0.27.7':
    optional: true

  '@esbuild/linux-loong64@0.27.7':
    optional: true

  '@esbuild/linux-mips64el@0.27.7':
    optional: true

  '@esbuild/linux-ppc64@0.27.7':
    optional: true

  '@esbuild/linux-riscv64@0.27.7':
    optional: true

  '@esbuild/linux-s390x@0.27.7':
    optional: true

  '@esbuild/linux-x64@0.27.7':
    optional: true

  '@esbuild/netbsd-arm64@0.27.7':
    optional: true

  '@esbuild/netbsd-x64@0.27.7':
    optional: true

  '@esbuild/openbsd-arm64@0.27.7':
    optional: true

  '@esbuild/openbsd-x64@0.27.7':
    optional: true

  '@esbuild/openharmony-arm64@0.27.7':
    optional: true

  '@esbuild/sunos-x64@0.27.7':
    optional: true

  '@esbuild/win32-arm64@0.27.7':
    optional: true

  '@esbuild/win32-ia32@0.27.7':
    optional: true

  '@esbuild/win32-x64@0.27.7':
    optional: true

  '@jridgewell/sourcemap-codec@1.5.5': {}

  '@rolldown/pluginutils@1.0.0-rc.13': {}

  '@rollup/rollup-darwin-arm64@4.60.3':
    optional: true

  '@rollup/rollup-linux-x64-gnu@4.60.3':
    optional: true

  '@rollup/rollup-win32-x64-msvc@4.60.3':
    optional: true

  '@types/estree@1.0.8': {}

  '@types/web-bluetooth@0.0.20': {}

  '@vitejs/plugin-vue@6.0.6(vite@7.3.3)(vue@3.5.34)':
    dependencies:
      '@rolldown/pluginutils': 1.0.0-rc.13
      vite: 7.3.3
      vue: 3.5.34

  '@vue-flow/background@1.3.2(@vue-flow/core@1.48.2(vue@3.5.34))(vue@3.5.34)':
    dependencies:
      '@vue-flow/core': 1.48.2(vue@3.5.34)
      vue: 3.5.34

  '@vue-flow/controls@1.1.3(@vue-flow/core@1.48.2(vue@3.5.34))(vue@3.5.34)':
    dependencies:
      '@vue-flow/core': 1.48.2(vue@3.5.34)
      vue: 3.5.34

  '@vue-flow/core@1.48.2(vue@3.5.34)':
    dependencies:
      '@vueuse/core': 10.11.1(vue@3.5.34)
      d3-drag: 3.0.0
      d3-interpolate: 3.0.1
      d3-selection: 3.0.0
      d3-zoom: 3.0.0
      vue: 3.5.34
    transitivePeerDependencies:
      - '@vue/composition-api'

  '@vue-flow/minimap@1.5.4(@vue-flow/core@1.48.2(vue@3.5.34))(vue@3.5.34)':
    dependencies:
      '@vue-flow/core': 1.48.2(vue@3.5.34)
      d3-selection: 3.0.0
      d3-zoom: 3.0.0
      vue: 3.5.34

  '@vue/compiler-core@3.5.34':
    dependencies:
      '@babel/parser': 7.29.3
      '@vue/shared': 3.5.34
      entities: 7.0.1
      estree-walker: 2.0.2
      source-map-js: 1.2.1

  '@vue/compiler-dom@3.5.34':
    dependencies:
      '@vue/compiler-core': 3.5.34
      '@vue/shared': 3.5.34

  '@vue/compiler-sfc@3.5.34':
    dependencies:
      '@babel/parser': 7.29.3
      '@vue/compiler-core': 3.5.34
      '@vue/compiler-dom': 3.5.34
      '@vue/compiler-ssr': 3.5.34
      '@vue/shared': 3.5.34
      estree-walker: 2.0.2
      magic-string: 0.30.21
      postcss: 8.5.14
      source-map-js: 1.2.1

  '@vue/compiler-ssr@3.5.34':
    dependencies:
      '@vue/compiler-dom': 3.5.34
      '@vue/shared': 3.5.34

  '@vue/reactivity@3.5.34':
    dependencies:
      '@vue/shared': 3.5.34

  '@vue/runtime-core@3.5.34':
    dependencies:
      '@vue/reactivity': 3.5.34
      '@vue/shared': 3.5.34

  '@vue/runtime-dom@3.5.34':
    dependencies:
      '@vue/reactivity': 3.5.34
      '@vue/runtime-core': 3.5.34
      '@vue/shared': 3.5.34
      csstype: 3.2.3

  '@vue/server-renderer@3.5.34(vue@3.5.34)':
    dependencies:
      '@vue/compiler-ssr': 3.5.34
      '@vue/shared': 3.5.34
      vue: 3.5.34

  '@vue/shared@3.5.34': {}

  '@vueuse/core@10.11.1(vue@3.5.34)':
    dependencies:
      '@types/web-bluetooth': 0.0.20
      '@vueuse/metadata': 10.11.1
      '@vueuse/shared': 10.11.1(vue@3.5.34)
      vue-demi: 0.14.10(vue@3.5.34)
    transitivePeerDependencies:
      - '@vue/composition-api'
      - vue

  '@vueuse/metadata@10.11.1': {}

  '@vueuse/shared@10.11.1(vue@3.5.34)':
    dependencies:
      vue-demi: 0.14.10(vue@3.5.34)
    transitivePeerDependencies:
      - '@vue/composition-api'
      - vue

  argparse@2.0.1: {}

  csstype@3.2.3: {}

  d3-color@3.1.0: {}

  d3-dispatch@3.0.1: {}

  d3-drag@3.0.0:
    dependencies:
      d3-dispatch: 3.0.1
      d3-selection: 3.0.0

  d3-ease@3.0.1: {}

  d3-interpolate@3.0.1:
    dependencies:
      d3-color: 3.1.0

  d3-selection@3.0.0: {}

  d3-timer@3.0.1: {}

  d3-transition@3.0.1(d3-selection@3.0.0):
    dependencies:
      d3-color: 3.1.0
      d3-dispatch: 3.0.1
      d3-ease: 3.0.1
      d3-interpolate: 3.0.1
      d3-selection: 3.0.0
      d3-timer: 3.0.1

  d3-zoom@3.0.0:
    dependencies:
      d3-dispatch: 3.0.1
      d3-drag: 3.0.0
      d3-interpolate: 3.0.1
      d3-selection: 3.0.0
      d3-transition: 3.0.1(d3-selection@3.0.0)

  entities@4.5.0: {}

  entities@7.0.1: {}

  esbuild@0.27.7:
    optionalDependencies:
      '@esbuild/aix-ppc64': 0.27.7
      '@esbuild/android-arm': 0.27.7
      '@esbuild/android-arm64': 0.27.7
      '@esbuild/android-x64': 0.27.7
      '@esbuild/darwin-arm64': 0.27.7
      '@esbuild/darwin-x64': 0.27.7
      '@esbuild/freebsd-arm64': 0.27.7
      '@esbuild/freebsd-x64': 0.27.7
      '@esbuild/linux-arm': 0.27.7
      '@esbuild/linux-arm64': 0.27.7
      '@esbuild/linux-ia32': 0.27.7
      '@esbuild/linux-loong64': 0.27.7
      '@esbuild/linux-mips64el': 0.27.7
      '@esbuild/linux-ppc64': 0.27.7
      '@esbuild/linux-riscv64': 0.27.7
      '@esbuild/linux-s390x': 0.27.7
      '@esbuild/linux-x64': 0.27.7
      '@esbuild/netbsd-arm64': 0.27.7
      '@esbuild/netbsd-x64': 0.27.7
      '@esbuild/openbsd-arm64': 0.27.7
      '@esbuild/openbsd-x64': 0.27.7
      '@esbuild/openharmony-arm64': 0.27.7
      '@esbuild/sunos-x64': 0.27.7
      '@esbuild/win32-arm64': 0.27.7
      '@esbuild/win32-ia32': 0.27.7
      '@esbuild/win32-x64': 0.27.7

  estree-walker@2.0.2: {}

  fdir@6.5.0(picomatch@4.0.4):
    optionalDependencies:
      picomatch: 4.0.4

  fsevents@2.3.3:
    optional: true

  linkify-it@5.0.0:
    dependencies:
      uc.micro: 2.1.0

  magic-string@0.30.21:
    dependencies:
      '@jridgewell/sourcemap-codec': 1.5.5

  markdown-it@14.1.1:
    dependencies:
      argparse: 2.0.1
      entities: 4.5.0
      linkify-it: 5.0.0
      mdurl: 2.0.0
      punycode.js: 2.3.1
      uc.micro: 2.1.0

  mdurl@2.0.0: {}

  nanoid@3.3.12: {}

  picocolors@1.1.1: {}

  picomatch@4.0.4: {}

  postcss@8.5.14:
    dependencies:
      nanoid: 3.3.12
      picocolors: 1.1.1
      source-map-js: 1.2.1

  punycode.js@2.3.1: {}

  rollup@4.60.3:
    dependencies:
      '@types/estree': 1.0.8
    optionalDependencies:
      '@rollup/rollup-darwin-arm64': 4.60.3
      '@rollup/rollup-linux-x64-gnu': 4.60.3
      '@rollup/rollup-win32-x64-msvc': 4.60.3
      fsevents: 2.3.3

  source-map-js@1.2.1: {}

  tinyglobby@0.2.16:
    dependencies:
      fdir: 6.5.0(picomatch@4.0.4)
      picomatch: 4.0.4

  uc.micro@2.1.0: {}

  vite@7.3.3:
    dependencies:
      esbuild: 0.27.7
      fdir: 6.5.0(picomatch@4.0.4)
      picomatch: 4.0.4
      postcss: 8.5.14
      rollup: 4.60.3
      tinyglobby: 0.2.16
    optionalDependencies:
      fsevents: 2.3.3

  vue-demi@0.14.10(vue@3.5.34):
    dependencies:
      vue: 3.5.34

  vue@3.5.34:
    dependencies:
      '@vue/compiler-dom': 3.5.34
      '@vue/compiler-sfc': 3.5.34
      '@vue/runtime-dom': 3.5.34
      '@vue/server-renderer': 3.5.34(vue@3.5.34)
      '@vue/shared': 3.5.34
